github.com/creack/pty v1.1.9/go.mod h1:oKZEueFk5CKHvIhNR5MUki03XCEU+Q6VDXinZuGJ33E=
github.com/davecgh/go-spew v1.1.0/go.mod h1:J7Y8YcW2NihsgmVo/mv3lAwl/skON4iLHjSsI+c5H38=
github.com/davecgh/go-spew v1.1.1 h1:vj9j/u1bqnvCEfJOwUhtlOARqs3+rkHYY13jYWTU97c=
github.com/davecgh/go-spew v1.1.1/go.mod h1:J7Y8YcW2NihsgmVo/mv3lAwl/skON4iLHjSsI+c5H38=
github.com/golang/snappy v0.0.1/go.mod h1:/XxbfmMg8lxefKM7IXC3fBNl/7bRcc72aCRzEWrmP2Q=
github.com/golang/snappy v0.0.4 h1:yAGX7huGHXlcLOEtBnF4w7FQwA26wojNCwOYAEhLjQM=
github.com/golang/snappy v0.0.4/go.mod h1:/XxbfmMg8lxefKM7IXC3fBNl/7bRcc72aCRzEWrmP2Q=
github.com/google/go-cmp v0.5.2/go.mod h1:v8dTdLbMG2kIc/vJvl+f65V22dbkXbowE6jgT/gNBxE=
github.com/google/go-cmp v0.5.6/go.mod h1:v8dTdLbMG2kIc/vJvl+f65V22dbkXbowE6jgT/gNBxE=
github.com/google/go-cmp v0.5.9 h1:O2Tfq5qg4qc4AmwVlvv0oLiVAGB7enBSJ2x2DqQFi38=
github.com/google/go-cmp v0.5.9/go.mod h1:17dUlkBOakJ0+DkrSSNjCkIjxS6bF9zb3elmeNGIjoY=
github.com/jinzhu/copier v0.3.5 h1:GlvfUwHk62RokgqVNvYsku0TATCF7bAHVwEXoBh3iJg=
github.com/jinzhu/copier v0.3.5/go.mod h1:DfbEm0FYsaqBcKcFuvmOZb218JkPGtvSHsKg8S8hyyg=
github.com/klauspost/compress v1.13.6/go.mod h1:/3/Vjq9QcHkK5uEr5lBEmyoZ1iFhe47etQ6QUkpK6sk=
github.com/klauspost/compress v1.16.5 h1:IFV2oUNUzZaz+XyusxpLzpzS8Pt5rh0Z16For/djlyI=
github.com/klauspost/compress v1.16.5/go.mod h1:ntbaceVETuRiXiv4DpjP66DpAtAGkEQskQzEyD//IeE=
github.com/knvtva/nex-go v0.0.0-20230725193305-28dd11987765 h1:bffNOyzg+acNAJDUwN7U8asgvXfa/Ox72sjSxQq9XAw=
github.com/knvtva/nex-go v0.0.0-20230725193305-28dd11987765/go.mod h1:pbdC2v/fWumh5LNrNRbbdEiPVqDEAoqoO39n922jK90=
github.com/knvtva/nex-go v0.0.0-20230726202555-a49d73f2dede h1:Jbc7caMOOa8gdD2PA9TEdxrl3G5tGvGT8Y159tsLnx0=
github.com/knvtva/nex-go v0.0.0-20230726202555-a49d73f2dede/go.mod h1:pbdC2v/fWumh5LNrNRbbdEiPVqDEAoqoO39n922jK90=
github.com/knvtva/nex-go v0.0.0-20230726203117-a8d3ed7035b9 h1:epwO8Nh/gXElAob2AxCQy6hNoUgrxMTApcpawbSaUSs=
github.com/knvtva/nex-go v0.0.0-20230726203117-a8d3ed7035b9/go.mod h1:pbdC2v/fWumh5LNrNRbbdEiPVqDEAoqoO39n922jK90=
github.com/knvtva/nex-go v0.0.0-20230727081252-2c87fba6a8e8 h1:BMLXWg66CwH7GD173BCN13RxO2d9dq1MeWiX9lY5Kz0=
github.com/knvtva/nex-go v0.0.0-20230727081252-2c87fba6a8e8/go.mod h1:pbdC2v/fWumh5LNrNRbbdEiPVqDEAoqoO39n922jK90=
github.com/knvtva/nex-go v0.0.0-20230727081515-1b1b90356d33 h1:LF5CqeqbzTWskJgnE3hUGsyUgtfnSy5NcAhdRhIh3Nw=
github.com/knvtva/nex-go v0.0.0-20230727081515-1b1b90356d33/go.mod h1:pbdC2v/fWumh5LNrNRbbdEiPVqDEAoqoO39n922jK90=
github.com/knvtva/nex-go v0.0.0-20230727201122-eb8923f52016 h1:Vtc10LjwN0aWJtj7NKd/k4wFBLUK8JRClN/SE2QFWzw=
github.com/knvtva/nex-go v0.0.0-20230727201122-eb8923f52016/go.mod h1:pbdC2v/fWumh5LNrNRbbdEiPVqDEAoqoO39n922jK90=
github.com/knvtva/nex-go v0.0.0-20230727202114-5989d48dbf98 h1:QJM42ukpQeuKFeAdV2/BbUE5TeiTGQW4N1j0En424AI=
github.com/knvtva/nex-go v0.0.0-20230727202114-5989d48dbf98/go.mod h1:pbdC2v/fWumh5LNrNRbbdEiPVqDEAoqoO39n922jK90=
github.com/knvtva/nex-go v0.0.0-20230729103814-3a86316660ca h1:tjcOUoP5iHyC+HR2RN3U5e29Lh62vJ91w5TapOYsr4A=
github.com/knvtva/nex-go v0.0.0-20230729103814-3a86316660ca/go.mod h1:pbdC2v/fWumh5LNrNRbbdEiPVqDEAoqoO39n922jK90=
github.com/knvtva/nex-protocols-go v0.0.0-20230725184411-852f54d2ec28 h1:aRpcPeCTYGOVMyvv4Jg3Gc0cBMbyWkuBqrFk+i+irfI=
github.com/knvtva/nex-protocols-go v0.0.0-20230725184411-852f54d2ec28/go.mod h1:87RMEo1n4APbiwY9RaMMWVRrLd7B7PKl0lyurenOy6I=
github.com/knvtva/nex-protocols-go v0.0.0-20230726161856-241c2934af36 h1:g3ktWEXUaDlqt8Va+TInVB/eAo6tNSLYSaR9oLENcNQ=
github.com/knvtva/nex-protocols-go v0.0.0-20230726161856-241c2934af36/go.mod h1:87RMEo1n4APbiwY9RaMMWVRrLd7B7PKl0lyurenOy6I=
github.com/knvtva/nex-protocols-go v0.0.0-20230726162214-8984b2270b22 h1:WM2z6d5WgHuDBIOdKht6+0GakiIjds9wkfTTet1wUy4=
github.com/knvtva/nex-protocols-go v0.0.0-20230726162214-8984b2270b22/go.mod h1:87RMEo1n4APbiwY9RaMMWVRrLd7B7PKl0lyurenOy6I=
github.com/knvtva/nex-protocols-go v0.0.0-20230726201927-bf524ed961ef h1:sRHnyh8jTkDgAQDc6X/orBwlTlEYTDs8f5ksFTBzZFc=
github.com/knvtva/nex-protocols-go v0.0.0-20230726201927-bf524ed961ef/go.mod h1:87RMEo1n4APbiwY9RaMMWVRrLd7B7PKl0lyurenOy6I=
github.com/knvtva/nex-protocols-go v0.0.0-20230726202955-4fcb9c93cbcf h1:7Fng/YP7QmIIibWLHg01gycCe6c07BNbYaULVEmyNaU=
github.com/knvtva/nex-protocols-go v0.0.0-20230726202955-4fcb9c93cbcf/go.mod h1:87RMEo1n4APbiwY9RaMMWVRrLd7B7PKl0lyurenOy6I=
github.com/knvtva/nex-protocols-go v0.0.0-20230726203529-5d72feaf18f5 h1:XVUHvxWYpcwqnRtd2jEVxBj7n04b+BYob3C3XbX0IZA=
github.com/knvtva/nex-protocols-go v0.0.0-20230726203529-5d72feaf18f5/go.mod h1:87RMEo1n4APbiwY9RaMMWVRrLd7B7PKl0lyurenOy6I=
github.com/knvtva/nex-protocols-go v0.0.0-20230726204830-1d24b219adbb h1:y6PC1IjdkexvPDe/lt1oIIgHMsCN4YLEb6jw5O3mZ7E=
github.com/knvtva/nex-protocols-go v0.0.0-20230726204830-1d24b219adbb/go.mod h1:87RMEo1n4APbiwY9RaMMWVRrLd7B7PKl0lyurenOy6I=
github.com/knvtva/nex-protocols-go v0.0.0-20230726210658-5af929c7e7a6 h1:9xCqbhCmvipscCVlTQMLzyNFr3xm9jUnCUailkWUT9g=
github.com/knvtva/nex-protocols-go v0.0.0-20230726210658-5af929c7e7a6/go.mod h1:87RMEo1n4APbiwY9RaMMWVRrLd7B7PKl0lyurenOy6I=
github.com/knvtva/nex-protocols-go v0.0.0-20230726210935-9277c0c08f23 h1:k4AlQL+zD0jJrxq3sNKvChN/D7HlvHwzV46StOjQ7eU=
github.com/knvtva/nex-protocols-go v0.0.0-20230726210935-9277c0c08f23/go.mod h1:87RMEo1n4APbiwY9RaMMWVRrLd7B7PKl0lyurenOy6I=
github.com/knvtva/nex-protocols-go v0.0.0-20230726211405-b8f08f2ab4f7 h1:jy1CMK3hoQtU4vPuS+Iye0FUbR0C6Y3/njmcwDLQeU4=
github.com/knvtva/nex-protocols-go v0.0.0-20230726211405-b8f08f2ab4f7/go.mod h1:87RMEo1n4APbiwY9RaMMWVRrLd7B7PKl0lyurenOy6I=
github.com/knvtva/nex-protocols-go v0.0.0-20230726211729-0f7311e8f8c2 h1:+2PSwhj4bRD5NOlhlQtQ0wp9nza9VGmgT4EWDTl3l1E=
github.com/knvtva/nex-protocols-go v0.0.0-20230726211729-0f7311e8f8c2/go.mod h1:87RMEo1n4APbiwY9RaMMWVRrLd7B7PKl0lyurenOy6I=
github.com/knvtva/nex-protocols-go v0.0.0-20230726212113-e1af2ed06160 h1:W27VLgFLpOaOjmsGlo0DedKZoI8EbTLzcfs2Dv1GzIU=
github.com/knvtva/nex-protocols-go v0.0.0-20230726212113-e1af2ed06160/go.mod h1:87RMEo1n4APbiwY9RaMMWVRrLd7B7PKl0lyurenOy6I=
github.com/knvtva/nex-protocols-go v0.0.0-20230727081540-64e1ea1ba4c0 h1:PoyPOXAMom9LzRp0dbq+McqLrYVhSON3vP6EY+tBn1U=
github.com/knvtva/nex-protocols-go v0.0.0-20230727081540-64e1ea1ba4c0/go.mod h1:87RMEo1n4APbiwY9RaMMWVRrLd7B7PKl0lyurenOy6I=
github.com/knvtva/nex-protocols-go v0.0.0-20230727082211-5839bb006004 h1:gf8/eTP5uHYHvsp3bhS7Ab7K6ZJtjdjv8HlNBEAY+Ag=
github.com/knvtva/nex-protocols-go v0.0.0-20230727082211-5839bb006004/go.mod h1:87RMEo1n4APbiwY9RaMMWVRrLd7B7PKl0lyurenOy6I=
github.com/knvtva/nex-protocols-go v0.0.0-20230727083249-8162bceb289c h1:/8CM7zjp+6/WjUNNc5Qg0ux/LJZcaGEigXo1T6xoSnk=
github.com/knvtva/nex-protocols-go v0.0.0-20230727083249-8162bceb289c/go.mod h1:87RMEo1n4APbiwY9RaMMWVRrLd7B7PKl0lyurenOy6I=
github.com/knvtva/nex-protocols-go v0.0.0-20230727083635-9413fc0b82ed h1:6Kw9EZo6LvAnThGNrg+bdWl9x6i3g5Q+ecf6rF+MPZ0=
github.com/knvtva/nex-protocols-go v0.0.0-20230727083635-9413fc0b82ed/go.mod h1:87RMEo1n4APbiwY9RaMMWVRrLd7B7PKl0lyurenOy6I=
github.com/knvtva/nex-protocols-go v0.0.0-20230727084143-9962c73d089a h1:4boSyPvphmSFRs28BIfE9ilmkdhMQZfCD6npWs/5ZfY=
github.com/knvtva/nex-protocols-go v0.0.0-20230727084143-9962c73d089a/go.mod h1:87RMEo1n4APbiwY9RaMMWVRrLd7B7PKl0lyurenOy6I=
github.com/knvtva/nex-protocols-go v0.0.0-20230727084601-55815ba997e5 h1:CmiOBXo/osKueCgaKQYMxUyVfml6UTDOrxPlgoMJJ6c=
github.com/knvtva/nex-protocols-go v0.0.0-20230727084601-55815ba997e5/go.mod h1:87RMEo1n4APbiwY9RaMMWVRrLd7B7PKl0lyurenOy6I=
github.com/knvtva/nex-protocols-go v0.0.0-20230727085156-71757ec7ebc5 h1:mErqDWvnHzB6QddqQyQEByFhFH183N+SKfsn8RxPXLI=
github.com/knvtva/nex-protocols-go v0.0.0-20230727085156-71757ec7ebc5/go.mod h1:87RMEo1n4APbiwY9RaMMWVRrLd7B7PKl0lyurenOy6I=
github.com/knvtva/nex-protocols-go v0.0.0-20230727094453-0a6cf6b800f4 h1:LOCLNIc6QqI/7psbPQWj+H6L5Pnt8u0E9W6vk2xFFa4=
github.com/knvtva/nex-protocols-go v0.0.0-20230727094453-0a6cf6b800f4/go.mod h1:87RMEo1n4APbiwY9RaMMWVRrLd7B7PKl0lyurenOy6I=
github.com/knvtva/nex-protocols-go v0.0.0-20230727095615-a90435da9e44 h1:6l+MMnaZWuyjZiacsHY0ATDdcsbumVCoxnALKW7pbmM=
github.com/knvtva/nex-protocols-go v0.0.0-20230727095615-a90435da9e44/go.mod h1:87RMEo1n4APbiwY9RaMMWVRrLd7B7PKl0lyurenOy6I=
github.com/knvtva/nex-protocols-go v0.0.0-20230727101523-981d07a75ce1 h1:aPCipSB6xrwjO8xquH7k/3TL4Vbj1zndJBHdiqKRPGo=
github.com/knvtva/nex-protocols-go v0.0.0-20230727101523-981d07a75ce1/go.mod h1:87RMEo1n4APbiwY9RaMMWVRrLd7B7PKl0lyurenOy6I=
github.com/knvtva/nex-protocols-go v0.0.0-20230727120657-0c574d8bc31e h1:5LVsm6RzhsWqY7aJJ+0DqL15irMHm4XgqIR6be6JvRM=
github.com/knvtva/nex-protocols-go v0.0.0-20230727120657-0c574d8bc31e/go.mod h1:87RMEo1n4APbiwY9RaMMWVRrLd7B7PKl0lyurenOy6I=
github.com/knvtva/nex-protocols-go v0.0.0-20230727164148-a0c1d6a2b2bf h1:4eXkxWcKfyssD7ULK6/XKibkk+xqgn5RL4lKYKKgSDg=
github.com/knvtva/nex-protocols-go v0.0.0-20230727164148-a0c1d6a2b2bf/go.mod h1:87RMEo1n4APbiwY9RaMMWVRrLd7B7PKl0lyurenOy6I=
github.com/knvtva/nex-protocols-go v0.0.0-20230727191739-7caba6b44461 h1:JwRH8dn66Ro/3dwXWQ7M1HBOSMeAdyBHhsINXtMnjEg=
github.com/knvtva/nex-protocols-go v0.0.0-20230727191739-7caba6b44461/go.mod h1:87RMEo1n4APbiwY9RaMMWVRrLd7B7PKl0lyurenOy6I=
github.com/knvtva/nex-protocols-go v0.0.0-20230727193509-c3545f996061 h1:ipQwy2PJq0r3qiHQSdin62WQwhTi0neDcWTGMgG6/3c=
github.com/knvtva/nex-protocols-go v0.0.0-20230727193509-c3545f996061/go.mod h1:87RMEo1n4APbiwY9RaMMWVRrLd7B7PKl0lyurenOy6I=
github.com/knvtva/nex-protocols-go v0.0.0-20230727200900-3a89c8f4e841 h1:Og1/h5iILV5ISc3kxKtgJFoUe3jxOqjJquKsjAHa8Ro=
github.com/knvtva/nex-protocols-go v0.0.0-20230727200900-3a89c8f4e841/go.mod h1:87RMEo1n4APbiwY9RaMMWVRrLd7B7PKl0lyurenOy6I=
github.com/knvtva/nex-protocols-go v0.0.0-20230727201300-a71757b696c2 h1:bMedwKVy8BiWDk1Gzdog73S6FwUKY8JKWuNZI+ZkkaQ=
github.com/knvtva/nex-protocols-go v0.0.0-20230727201300-a71757b696c2/go.mod h1:87RMEo1n4APbiwY9RaMMWVRrLd7B7PKl0lyurenOy6I=
github.com/knvtva/nex-protocols-go v0.0.0-20230727202222-11b11b0cd8c8 h1:4CmZxYAVHRnWm6K7dx1q0K4JORUiC0KL73ItVBlAJQ0=
github.com/knvtva/nex-protocols-go v0.0.0-20230727202222-11b11b0cd8c8/go.mod h1:87RMEo1n4APbiwY9RaMMWVRrLd7B7PKl0lyurenOy6I=
github.com/knvtva/nex-protocols-go v0.0.0-20230727202600-507a5d016108 h1:onP5SxJpTQr9DfB7duabE1lVBKKVlvw8AYNtKxlZuXs=
github.com/knvtva/nex-protocols-go v0.0.0-20230727202600-507a5d016108/go.mod h1:87RMEo1n4APbiwY9RaMMWVRrLd7B7PKl0lyurenOy6I=
github.com/knvtva/nex-protocols-go v0.0.0-20230729113528-c9bc95afb7f8 h1:82ZpIjrmtq922ZNTZUb2ETJU6zmliVCYqIh9ElINNzQ=
github.com/knvtva/nex-protocols-go v0.0.0-20230729113528-c9bc95afb7f8/go.mod h1:87RMEo1n4APbiwY9RaMMWVRrLd7B7PKl0lyurenOy6I=
github.com/kr/pretty v0.1.0/go.mod h1:dAy3ld7l9f0ibDNOQOHHMYYIIbhfbHSm3C4ZsoJORNo=
github.com/kr/pretty v0.3.1 h1:flRD4NNwYAUpkphVc1HcthR4KEIFJ65n8Mw5qdRn3LE=
github.com/kr/pretty v0.3.1/go.mod h1:hoEshYVHaxMs3cyo3Yncou5ZscifuDolrwPKZanG3xk=
github.com/kr/pty v1.1.1/go.mod h1:pFQYn66WHrOpPYNljwOMqo10TkYh1fy3cYio2l3bCsQ=
github.com/kr/text v0.1.0/go.mod h1:4Jbv+DJW3UT/LiOwJeYQe1efqtUx/iVham/4vfdArNI=
github.com/kr/text v0.2.0 h1:5Nx0Ya0ZqY2ygV366QzturHI13Jq95ApcVaJBhpS+AY=
github.com/kr/text v0.2.0/go.mod h1:eLer722TekiGuMkidMxC/pM04lWEeraHUUmBw8l2grE=
github.com/montanaflynn/stats v0.0.0-20171201202039-1bf9dbcd8cbe/go.mod h1:wL8QJuTMNUDYhXwkmfOly8iTdp5TEcJFWZD2D7SIkUc=
github.com/montanaflynn/stats v0.7.0 h1:r3y12KyNxj/Sb/iOE46ws+3mS1+MZca1wlHQFPsY/JU=
github.com/montanaflynn/stats v0.7.0/go.mod h1:etXPPgVO6n31NxCd9KQUMvCM+ve0ruNzt6R8Bnaayow=
github.com/pkg/diff v0.0.0-20210226163009-20ebb0f2a09e/go.mod h1:pJLUxLENpZxwdsKMEsNbx1VGcRFpLqf3715MtcvvzbA=
github.com/pkg/errors v0.9.1 h1:FEBLx1zS214owpjy7qsBeixbURkuhQAwrK5UwLGTwt4=
github.com/pkg/errors v0.9.1/go.mod h1:bwawxfHBFNV+L2hUp1rHADufV3IMtnDRdf1r5NINEl0=
github.com/pmezard/go-difflib v1.0.0 h1:4DBwDE0NGyQoBHbLQYPwSUPoCMWR5BEzIk/f1lZbAQM=
github.com/pmezard/go-difflib v1.0.0/go.mod h1:iKH77koFhYxTK1pcRnkKkqfTogsbg7gZNVY4sRDYZ/4=
github.com/rogpeppe/go-internal v1.9.0 h1:73kH8U+JUqXU8lRuOHeVHaa/SZPifC7BkcraZVejAe8=
github.com/rogpeppe/go-internal v1.9.0/go.mod h1:WtVeX8xhTBvf0smdhujwtBcq4Qrzq/fJaraNFVN+nFs=
github.com/stretchr/objx v0.1.0/go.mod h1:HFkY916IF+rwdDfMAkV7OtwuqBVzrE8GR6GFx+wExME=
github.com/stretchr/objx v0.4.0/go.mod h1:YvHI0jy2hoMjB+UWwv71VJQ9isScKT/TqJzVSSt89Yw=
github.com/stretchr/objx v0.5.0/go.mod h1:Yh+to48EsGEfYuaHDzXPcE3xhTkx73EhmCGUpEOglKo=
github.com/stretchr/testify v1.6.1/go.mod h1:6Fq8oRcR53rry900zMqJjRRixrwX3KX962/h/Wwjteg=
github.com/stretchr/testify v1.7.1/go.mod h1:6Fq8oRcR53rry900zMqJjRRixrwX3KX962/h/Wwjteg=
github.com/stretchr/testify v1.8.0/go.mod h1:yNjHg4UonilssWZ8iaSj1OCr/vHnekPRkoO+kdMU+MU=
github.com/stretchr/testify v1.8.2 h1:+h33VjcLVPDHtOdpUCuF+7gSuG3yGIftsP1YvFihtJ8=
github.com/stretchr/testify v1.8.2/go.mod h1:w2LPCIKwWwSfY2zedu0+kehJoqGctiVI29o6fzry7u4=
github.com/superwhiskers/crunch/v3 v3.5.7 h1:N9RLxaR65C36i26BUIpzPXGy2f6pQ7wisu2bawbKNqg=
github.com/superwhiskers/crunch/v3 v3.5.7/go.mod h1:4ub2EKgF1MAhTjoOCTU4b9uLMsAweHEa89aRrfAypXA=
github.com/tidwall/pretty v1.0.0 h1:HsD+QiTn7sK6flMKIvNmpqz1qrpP3Ps6jOKIKMooyg4=
github.com/tidwall/pretty v1.0.0/go.mod h1:XNkn88O1ChpSDQmQeStsy+sBenx6DDtFZJxhVysOjyk=
github.com/xdg-go/pbkdf2 v1.0.0 h1:Su7DPu48wXMwC3bs7MCNG+z4FhcyEuz5dlvchbq0B0c=
github.com/xdg-go/pbkdf2 v1.0.0/go.mod h1:jrpuAogTd400dnrH08LKmI/xc1MbPOebTwRqcT5RDeI=
github.com/xdg-go/scram v1.1.1/go.mod h1:RaEWvsqvNKKvBPvcKeFjrG2cJqOkHTiyTpzz23ni57g=
github.com/xdg-go/scram v1.1.2 h1:FHX5I5B4i4hKRVRBCFRxq1iQRej7WO3hhBuJf+UUySY=
github.com/xdg-go/scram v1.1.2/go.mod h1:RT/sEzTbU5y00aCK8UOx6R7YryM0iF1N2MOmC3kKLN4=
github.com/xdg-go/stringprep v1.0.3/go.mod h1:W3f5j4i+9rC0kuIEJL0ky1VpHXQU3ocBgklLGvcBnW8=
github.com/xdg-go/stringprep v1.0.4 h1:XLI/Ng3O1Atzq0oBs3TWm+5ZVgkq2aqdlvP9JtoZ6c8=
github.com/xdg-go/stringprep v1.0.4/go.mod h1:mPGuuIYwz7CmR2bT9j4GbQqutWS1zV24gijq1dTyGkM=
github.com/youmark/pkcs8 v0.0.0-20181117223130-1be2e3e5546d/go.mod h1:rHwXgn7JulP+udvsHwJoVG1YGAP6VLg4y9I5dyZdqmA=
github.com/youmark/pkcs8 v0.0.0-20201027041543-1326539a0a0a h1:fZHgsYlfvtyqToslyjUt3VOPF4J7aK/3MPcK7xp3PDk=
github.com/youmark/pkcs8 v0.0.0-20201027041543-1326539a0a0a/go.mod h1:ul22v+Nro/R083muKhosV54bj5niojjWZvU8xrevuH4=
github.com/yuin/goldmark v1.4.13/go.mod h1:6yULJ656Px+3vBD8DxQVa3kxgyrAnzto9xy5taEt/CY=
go.mongodb.org/mongo-driver v1.11.6 h1:XM7G6PjiGAO5betLF13BIa5TlLUUE3uJ/2Ox3Lz1K+o=
go.mongodb.org/mongo-driver v1.11.6/go.mod h1:G9TgswdsWjX4tmDA5zfs2+6AEPpYJwqblyjsfuh8oXY=
golang.org/x/crypto v0.0.0-20190308221718-c2843e01d9a2/go.mod h1:djNgcEr1/C05ACkg1iLfiJU5Ep61QUkGW8qpdssI0+w=
golang.org/x/crypto v0.0.0-20200302210943-78000ba7a073/go.mod h1:LzIPMQfyMNhhGPhUkYOs5KpL4U8rLKemX1yGLhDgUto=
golang.org/x/crypto v0.0.0-20210921155107-089bfa567519/go.mod h1:GvvjBRRGRdwPK5ydBHafDWAxML/pGHZbMvKqRZ5+Abc=
golang.org/x/crypto v0.0.0-20220622213112-05595931fe9d/go.mod h1:IxCIyHEi3zRg3s0A5j5BB6A9Jmi73HwBIUl50j+osU4=
golang.org/x/crypto v0.8.0 h1:pd9TJtTueMTVQXzk8E2XESSMQDj/U7OUu0PqJqPXQjQ=
golang.org/x/crypto v0.8.0/go.mod h1:mRqEX+O9/h5TFCrQhkgjo2yKi0yYA+9ecGkdQoHrywE=
golang.org/x/mod v0.6.0-dev.0.20220419223038-86c51ed26bb4/go.mod h1:jJ57K6gSWd91VN4djpZkiMVwK6gcyfeH4XE8wZrZaV4=
golang.org/x/mod v0.8.0/go.mod h1:iBbtSCu2XBx23ZKBPSOrRkjjQPZFPuis4dIYUhu/chs=
golang.org/x/net v0.0.0-20190404232315-eb5bcb51f2a3/go.mod h1:t9HGtf8HONx5eT2rtn7q6eTqICYqUVnKs3thJo3Qplg=
golang.org/x/net v0.0.0-20190620200207-3b0461eec859/go.mod h1:z5CRVTTTmAJ677TzLLGU+0bjPO0LkuOLi4/5GtJWs/s=
golang.org/x/net v0.0.0-20210226172049-e18ecbb05110/go.mod h1:m0MpNAwzfU5UDzcl9v0D8zg8gWTRqZa9RBIspLL5mdg=
golang.org/x/net v0.0.0-20211112202133-69e39bad7dc2/go.mod h1:9nx3DQGgdP8bBQD5qxJ1jj9UTztislL4KSBs9R2vV5Y=
golang.org/x/net v0.0.0-20220722155237-a158d28d115b/go.mod h1:XRhObCWvk6IyKnWLug+ECip1KBveYUHfp+8e9klMJ9c=
golang.org/x/net v0.6.0/go.mod h1:2Tu9+aMcznHK/AK1HMvgo6xiTLG5rD5rZLDS+rp2Bjs=
golang.org/x/net v0.9.0/go.mod h1:d48xBJpPfHeWQsugry2m+kC02ZBRGRgulfHnEXEuWns=
golang.org/x/sync v0.0.0-20190423024810-112230192c58/go.mod h1:RxMgew5VJxzue5/jJTE5uejpjVlOe/izrB70Jof72aM=
golang.org/x/sync v0.0.0-20210220032951-036812b2e83c/go.mod h1:RxMgew5VJxzue5/jJTE5uejpjVlOe/izrB70Jof72aM=
golang.org/x/sync v0.0.0-20220722155255-886fb9371eb4/go.mod h1:RxMgew5VJxzue5/jJTE5uejpjVlOe/izrB70Jof72aM=
golang.org/x/sync v0.1.0/go.mod h1:RxMgew5VJxzue5/jJTE5uejpjVlOe/izrB70Jof72aM=
golang.org/x/sync v0.2.0 h1:PUR+T4wwASmuSTYdKjYHI5TD22Wy5ogLU5qZCOLxBrI=
golang.org/x/sync v0.2.0/go.mod h1:RxMgew5VJxzue5/jJTE5uejpjVlOe/izrB70Jof72aM=
golang.org/x/sys v0.0.0-20190215142949-d0b11bdaac8a/go.mod h1:STP8DvDyc/dI5b8T5hshtkjS+E42TnysNCUPdjciGhY=
golang.org/x/sys v0.0.0-20190412213103-97732733099d/go.mod h1:h1NjWce9XRLGQEsW7wpKNCjG9DtNlClVuFLEZdDNbEs=
golang.org/x/sys v0.0.0-20201119102817-f84b799fce68/go.mod h1:h1NjWce9XRLGQEsW7wpKNCjG9DtNlClVuFLEZdDNbEs=
golang.org/x/sys v0.0.0-20210423082822-04245dca01da/go.mod h1:h1NjWce9XRLGQEsW7wpKNCjG9DtNlClVuFLEZdDNbEs=
golang.org/x/sys v0.0.0-20210615035016-665e8c7367d1/go.mod h1:oPkhp1MJrh7nUepCBck5+mAzfO9JrbApNNgaTdGDITg=
golang.org/x/sys v0.0.0-20220520151302-bc2c85ada10a/go.mod h1:oPkhp1MJrh7nUepCBck5+mAzfO9JrbApNNgaTdGDITg=
golang.org/x/sys v0.0.0-20220722155257-8c9f86f7a55f/go.mod h1:oPkhp1MJrh7nUepCBck5+mAzfO9JrbApNNgaTdGDITg=
golang.org/x/sys v0.5.0/go.mod h1:oPkhp1MJrh7nUepCBck5+mAzfO9JrbApNNgaTdGDITg=
golang.org/x/sys v0.7.0/go.mod h1:oPkhp1MJrh7nUepCBck5+mAzfO9JrbApNNgaTdGDITg=
golang.org/x/term v0.0.0-20201126162022-7de9c90e9dd1/go.mod h1:bj7SfCRtBDWHUb9snDiAeCFNEtKQo2Wmx5Cou7ajbmo=
golang.org/x/term v0.0.0-20210927222741-03fcf44c2211/go.mod h1:jbD1KX2456YbFQfuXm/mYQcufACuNUgVhRMnK/tPxf8=
golang.org/x/term v0.5.0/go.mod h1:jMB1sMXY+tzblOD4FWmEbocvup2/aLOaQEp7JmGp78k=
golang.org/x/term v0.7.0/go.mod h1:P32HKFT3hSsZrRxla30E9HqToFYAQPCMs/zFMBUFqPY=
golang.org/x/text v0.3.0/go.mod h1:NqM8EUOU14njkJ3fqMW+pc6Ldnwhi/IjpwHt7yyuwOQ=
golang.org/x/text v0.3.3/go.mod h1:5Zoc/QRtKVWzQhOtBMvqHzDpF6irO9z98xDceosuGiQ=
golang.org/x/text v0.3.6/go.mod h1:5Zoc/QRtKVWzQhOtBMvqHzDpF6irO9z98xDceosuGiQ=
golang.org/x/text v0.3.7/go.mod h1:u+2+/6zg+i71rQMx5EYifcz6MCKuco9NR6JIITiCfzQ=
golang.org/x/text v0.3.8/go.mod h1:E6s5w1FMmriuDzIBO73fBruAKo1PCIq6d2Q6DHfQ8WQ=
golang.org/x/text v0.7.0/go.mod h1:mrYo+phRRbMaCq/xk9113O4dZlRixOauAjOtrjsXDZ8=
golang.org/x/text v0.9.0 h1:2sjJmO8cDvYveuX97RDLsxlyUxLl+GHoLxBiRdHllBE=
golang.org/x/text v0.9.0/go.mod h1:e1OnstbJyHTd6l/uOt8jFFHp6TRDWZR/bV3emEE/zU8=
golang.org/x/tools v0.0.0-20180917221912-90fa682c2a6e/go.mod h1:n7NCudcB/nEzxVGmLbDWY5pfWTLqBcC2KZ6jyYvM4mQ=
golang.org/x/tools v0.0.0-20191119224855-298f0cb1881e/go.mod h1:b+2E5dAYhXwXZwtnZ6UAqBI28+e2cm9otk0dWdXHAEo=
golang.org/x/tools v0.1.12/go.mod h1:hNGJHUnrk76NpqgfD5Aqm5Crs+Hm0VOH/i9J2+nxYbc=
golang.org/x/tools v0.6.0/go.mod h1:Xwgl3UAJ/d3gWutnCtw505GrjyAbvKui8lOU390QaIU=
golang.org/x/xerrors v0.0.0-20190717185122-a985d3407aa7/go.mod h1:I/5z698sn9Ka8TeJc9MKroUUfqBBauWjQqLJ2OPfmY0=
golang.org/x/xerrors v0.0.0-20191204190536-9bdfabe68543/go.mod h1:I/5z698sn9Ka8TeJc9MKroUUfqBBauWjQqLJ2OPfmY0=
gopkg.in/check.v1 v0.0.0-20161208181325-20d25e280405/go.mod h1:Co6ibVJAznAaIkqp8huTwlJQCZ016jof/cbN4VW5Yz0=
gopkg.in/check.v1 v1.0.0-20180628173108-788fd7840127/go.mod h1:Co6ibVJAznAaIkqp8huTwlJQCZ016jof/cbN4VW5Yz0=
gopkg.in/yaml.v3 v3.0.0-20200313102051-9f266ea9e77c/go.mod h1:K4uyk7z7BCEPqu6E+C64Yfv1cQ7kz7rIZviUmN+EgEM=
gopkg.in/yaml.v3 v3.0.1 h1:fxVm/GzAzEWqLHuvctI91KS9hhNmmWOoWu0XTYJS7CA=
gopkg.in/yaml.v3 v3.0.1/go.mod h1:K4uyk7z7BCEPqu6E+C64Yfv1cQ7kz7rIZviUmN+EgEM=
